# This file was autogenerated by Stack.
# You should not edit this file by hand.
# For more information, please see the documentation at:
#   https://docs.haskellstack.org/en/stable/lock_files

packages:
- completed:
    hackage: Cabal-2.4.1.0@sha256:56c858cf85e8756a94aaf930f2be4c2eaee623f067e7c55394194d3741147ab7,21825
    pantry-tree:
      size: 31482
      sha256: 841586a64478b5901e6ae45eed93b1c3e672b1cf42c1b37cadd479e4747f1bb5
  original:
    hackage: Cabal-2.4.1.0@sha256:56c858cf85e8756a94aaf930f2be4c2eaee623f067e7c55394194d3741147ab7,21825
snapshots:
- completed:
    size: 509471
    url: https://raw.githubusercontent.com/commercialhaskell/stackage-snapshots/master/lts/12/26.yaml
    sha256: 95f014df58d0679b1c4a2b7bf2b652b61da8d30de5f571abb0d59015ef678646
  original: lts-12.26
